
Microsoft Visual Studio Solution File, Format Version 12.00
Project("{FAE04EC0-301F-11D3-BF4B-00C04F79EFBC}") = "ControlWork6", "ControlWork6\ControlWork6.csproj", "{DACFF47B-8626-4A82-977A-B8863ABFD1BD}"
EndProject
Global
	GlobalSection(SolutionConfigurationPlatforms) = preSolution
		Debug|Any CPU = Debug|Any CPU
		Release|Any CPU = Release|Any CPU
	EndGlobalSection
	GlobalSection(ProjectConfigurationPlatforms) = postSolution
		{DACFF47B-8626-4A82-977A-B8863ABFD1BD}.Debug|Any CPU.ActiveCfg = Debug|Any CPU
		{DACFF47B-8626-4A82-977A-B8863ABFD1BD}.Debug|Any CPU.Build.0 = Debug|Any CPU
		{DACFF47B-8626-4A82-977A-B8863ABFD1BD}.Release|Any CPU.ActiveCfg = Release|Any CPU
		{DACFF47B-8626-4A82-977A-B8863ABFD1BD}.Release|Any CPU.Build.0 = Release|Any CPU
	EndGlobalSection
EndGlobal
